
Microsoft Visual Studio Solution File, Format Version 12.00
# Visual Studio Version 17
VisualStudioVersion = 17.11.35208.52
MinimumVisualStudioVersion = 10.0.40219.1
Project("{FAE04EC0-301F-11D3-BF4B-00C04F79EFBC}") = "AnimalKingdom", "AnimalKingdom.csproj", "{84C836C6-3E82-4939-B889-D06814F72D29}"
EndProject
Global
	GlobalSection(SolutionConfigurationPlatforms) = preSolution
		Debug|Any CPU = Debug|Any CPU
		Release|Any CPU = Release|Any CPU
	EndGlobalSection
	GlobalSection(ProjectConfigurationPlatforms) = postSolution
		{84C836C6-3E82-4939-B889-D06814F72D29}.Debug|Any CPU.ActiveCfg = Debug|Any CPU
		{84C836C6-3E82-4939-B889-D06814F72D29}.Debug|Any CPU.Build.0 = Debug|Any CPU
		{84C836C6-3E82-4939-B889-D06814F72D29}.Release|Any CPU.ActiveCfg = Release|Any CPU
		{84C836C6-3E82-4939-B889-D06814F72D29}.Release|Any CPU.Build.0 = Release|Any CPU
	EndGlobalSection
	GlobalSection(SolutionProperties) = preSolution
		HideSolutionNode = FALSE
	EndGlobalSection
	GlobalSection(ExtensibilityGlobals) = postSolution
		SolutionGuid = {8A8C5D16-5228-42F4-8D1F-4E7A74309996}
	EndGlobalSection
EndGlobal
